# This file is generated by running "yarn install" inside your project.
# Manual changes might be lost - proceed with caution!

__metadata:
  version: 8
  cacheKey: 10c0

"@arnog/colors@npm:^0.5.0":
  version: 0.5.0
  resolution: "@arnog/colors@npm:0.5.0"
  checksum: 10c0/24405b0313b09ac695a2ac97b527c981c4a438b2e25740619e6d813f0ca7aaccfeee04e123c96420e66a6ce8b3d4d9b22b7b108ef187c039cdf3a5d9a728fa99
  languageName: node
  linkType: hard

"@cortex-js/compute-engine@npm:0.58.0":
  version: 0.58.0
  resolution: "@cortex-js/compute-engine@npm:0.58.0"
  dependencies:
    "@arnog/colors": "npm:^0.5.0"
    complex-esm: "npm:^2.1.1-esm1"
    decimal.js: "npm:^10.6.0"
  checksum: 10c0/9b699bb9c288be0a6152fb8aa7c6a11c4f55c23b878f777a210caf075ac068e1b028e9cc01547d57cf428e8fa808d40f1cd57d03aecb25ad6d1afe4dab6f4564
  languageName: node
  linkType: hard

"@esbuild/aix-ppc64@npm:0.25.2":
  version: 0.25.2
  resolution: "@esbuild/aix-ppc64@npm:0.25.2"
  conditions: os=aix & cpu=ppc64
  languageName: node
  linkType: hard

"@esbuild/android-arm64@npm:0.25.2":
  version: 0.25.2
  resolution: "@esbuild/android-arm64@npm:0.25.2"
  conditions: os=android & cpu=arm64
  languageName: node
  linkType: hard

"@esbuild/android-arm@npm:0.25.2":
  version: 0.25.2
  resolution: "@esbuild/android-arm@npm:0.25.2"
  conditions: os=android & cpu=arm
  languageName: node
  linkType: hard

"@esbuild/android-x64@npm:0.25.2":
  version: 0.25.2
  resolution: "@esbuild/android-x64@npm:0.25.2"
  conditions: os=android & cpu=x64
  languageName: node
  linkType: hard

"@esbuild/darwin-arm64@npm:0.25.2":
  version: 0.25.2
  resolution: "@esbuild/darwin-arm64@npm:0.25.2"
  conditions: os=darwin & cpu=arm64
  languageName: node
  linkType: hard

"@esbuild/darwin-x64@npm:0.25.2":
  version: 0.25.2
  resolution: "@esbuild/darwin-x64@npm:0.25.2"
  conditions: os=darwin & cpu=x64
  languageName: node
  linkType: hard

"@esbuild/freebsd-arm64@npm:0.25.2":
  version: 0.25.2
  resolution: "@esbuild/freebsd-arm64@npm:0.25.2"
  conditions: os=freebsd & cpu=arm64
  languageName: node
  linkType: hard

"@esbuild/freebsd-x64@npm:0.25.2":
  version: 0.25.2
  resolution: "@esbuild/freebsd-x64@npm:0.25.2"
  conditions: os=freebsd & cpu=x64
  languageName: node
  linkType: hard

"@esbuild/linux-arm64@npm:0.25.2":
  version: 0.25.2
  resolution: "@esbuild/linux-arm64@npm:0.25.2"
  conditions: os=linux & cpu=arm64
  languageName: node
  linkType: hard

"@esbuild/linux-arm@npm:0.25.2":
  version: 0.25.2
  resolution: "@esbuild/linux-arm@npm:0.25.2"
  conditions: os=linux & cpu=arm
  languageName: node
  linkType: hard

"@esbuild/linux-ia32@npm:0.25.2":
  version: 0.25.2
  resolution: "@esbuild/linux-ia32@npm:0.25.2"
  conditions: os=linux & cpu=ia32
  languageName: node
  linkType: hard

"@esbuild/linux-loong64@npm:0.25.2":
  version: 0.25.2
  resolution: "@esbuild/linux-loong64@npm:0.25.2"
  conditions: os=linux & cpu=loong64
  languageName: node
  linkType: hard

"@esbuild/linux-mips64el@npm:0.25.2":
  version: 0.25.2
  resolution: "@esbuild/linux-mips64el@npm:0.25.2"
  conditions: os=linux & cpu=mips64el
  languageName: node
  linkType: hard

"@esbuild/linux-ppc64@npm:0.25.2":
  version: 0.25.2
  resolution: "@esbuild/linux-ppc64@npm:0.25.2"
  conditions: os=linux & cpu=ppc64
  languageName: node
  linkType: hard

"@esbuild/linux-riscv64@npm:0.25.2":
  version: 0.25.2
  resolution: "@esbuild/linux-riscv64@npm:0.25.2"
  conditions: os=linux & cpu=riscv64
  languageName: node
  linkType: hard

"@esbuild/linux-s390x@npm:0.25.2":
  version: 0.25.2
  resolution: "@esbuild/linux-s390x@npm:0.25.2"
  conditions: os=linux & cpu=s390x
  languageName: node
  linkType: hard

"@esbuild/linux-x64@npm:0.25.2":
  version: 0.25.2
  resolution: "@esbuild/linux-x64@npm:0.25.2"
  conditions: os=linux & cpu=x64
  languageName: node
  linkType: hard

"@esbuild/netbsd-arm64@npm:0.25.2":
  version: 0.25.2
  resolution: "@esbuild/netbsd-arm64@npm:0.25.2"
  conditions: os=netbsd & cpu=arm64
  languageName: node
  linkType: hard

"@esbuild/netbsd-x64@npm:0.25.2":
  version: 0.25.2
  resolution: "@esbuild/netbsd-x64@npm:0.25.2"
  conditions: os=netbsd & cpu=x64
  languageName: node
  linkType: hard

"@esbuild/openbsd-arm64@npm:0.25.2":
  version: 0.25.2
  resolution: "@esbuild/openbsd-arm64@npm:0.25.2"
  conditions: os=openbsd & cpu=arm64
  languageName: node
  linkType: hard

"@esbuild/openbsd-x64@npm:0.25.2":
  version: 0.25.2
  resolution: "@esbuild/openbsd-x64@npm:0.25.2"
  conditions: os=openbsd & cpu=x64
  languageName: node
  linkType: hard

"@esbuild/sunos-x64@npm:0.25.2":
  version: 0.25.2
  resolution: "@esbuild/sunos-x64@npm:0.25.2"
  conditions: os=sunos & cpu=x64
  languageName: node
  linkType: hard

"@esbuild/win32-arm64@npm:0.25.2":
  version: 0.25.2
  resolution: "@esbuild/win32-arm64@npm:0.25.2"
  conditions: os=win32 & cpu=arm64
  languageName: node
  linkType: hard

"@esbuild/win32-ia32@npm:0.25.2":
  version: 0.25.2
  resolution: "@esbuild/win32-ia32@npm:0.25.2"
  conditions: os=win32 & cpu=ia32
  languageName: node
  linkType: hard

"@esbuild/win32-x64@npm:0.25.2":
  version: 0.25.2
  resolution: "@esbuild/win32-x64@npm:0.25.2"
  conditions: os=win32 & cpu=x64
  languageName: node
  linkType: hard

"@floating-ui/core@npm:^1.7.3":
  version: 1.7.3
  resolution: "@floating-ui/core@npm:1.7.3"
  dependencies:
    "@floating-ui/utils": "npm:^0.2.10"
  checksum: 10c0/edfc23800122d81df0df0fb780b7328ae6c5f00efbb55bd48ea340f4af8c5b3b121ceb4bb81220966ab0f87b443204d37105abdd93d94846468be3243984144c
  languageName: node
  linkType: hard

"@floating-ui/dom@npm:^1.7.4":
  version: 1.7.4
  resolution: "@floating-ui/dom@npm:1.7.4"
  dependencies:
    "@floating-ui/core": "npm:^1.7.3"
    "@floating-ui/utils": "npm:^0.2.10"
  checksum: 10c0/da6166c25f9b0729caa9f498685a73a0e28251613b35d27db8de8014bc9d045158a23c092b405321a3d67c2064909b6e2a7e6c1c9cc0f62967dca5779f5aef30
  languageName: node
  linkType: hard

"@floating-ui/utils@npm:^0.2.10":
  version: 0.2.10
  resolution: "@floating-ui/utils@npm:0.2.10"
  checksum: 10c0/e9bc2a1730ede1ee25843937e911ab6e846a733a4488623cd353f94721b05ec2c9ec6437613a2ac9379a94c2fd40c797a2ba6fa1df2716f5ce4aa6ddb1cf9ea4
  languageName: node
  linkType: hard

"@hotwired/stimulus@npm:^3.2.2":
  version: 3.2.2
  resolution: "@hotwired/stimulus@npm:3.2.2"
  checksum: 10c0/3793919e353d28424f57d07e6b634bf6e8821c227acfa2a608aaa8bdfe7e80479acef12705168ca866f3c231399f4a939fb0cd089aaae04c406b3d885a3b35ea
  languageName: node
  linkType: hard

"@hotwired/turbo-rails@npm:^8.0.23":
  version: 8.0.23
  resolution: "@hotwired/turbo-rails@npm:8.0.23"
  dependencies:
    "@hotwired/turbo": "npm:^8.0.23"
    "@rails/actioncable": "npm:>=7.0"
  checksum: 10c0/58f46b787674029bc70e7a8efd734036214258805686384c8969d360320c33886c90c4da3c08abee3dc9c3ec2672e9c088d9205a2fe1f8b5fee230ce23cfb188
  languageName: node
  linkType: hard

"@hotwired/turbo@npm:^8.0.23":
  version: 8.0.23
  resolution: "@hotwired/turbo@npm:8.0.23"
  checksum: 10c0/600ba4ba7632e27c3ed9e80a2114715df94302d3d3b72b0a70efcd7c31477b377228a7fad629eeb2e4b2d778bf65571b176fc76a6bc5603dfc814810c0a815d6
  languageName: node
  linkType: hard

"@rails/actioncable@npm:>=7.0":
  version: 8.1.301
  resolution: "@rails/actioncable@npm:8.1.301"
  checksum: 10c0/50d395e012f23b7cbdd18ad42077baaf8f15fd2b3e55cdc93e0ae771c7d24ec0deeea97062e7e9549f0ebeae3f90d6a32ef7de909389d957f87e3384fe23501e
  languageName: node
  linkType: hard

"@tiptap/core@npm:3.30.2, @tiptap/core@npm:^3.30.2":
  version: 3.30.2
  resolution: "@tiptap/core@npm:3.30.2"
  peerDependencies:
    "@tiptap/pm": 3.30.2
  checksum: 10c0/810f55ded3efc69fc11a41e3d0c29f21f9d6c83efd4def87b81806d5942401a89912ac227ff34ddb6e5e25ce1bf793692cda2585d63e80d563f4e22b63e85221
  languageName: node
  linkType: hard

"@tiptap/extension-blockquote@npm:3.30.2":
  version: 3.30.2
  resolution: "@tiptap/extension-blockquote@npm:3.30.2"
  peerDependencies:
    "@tiptap/core": 3.30.2
    "@tiptap/pm": 3.30.2
  checksum: 10c0/29d354bf29ccbfa0cf5d009f530fc0225ef1d54c1e46685278a0b063e7ae503b57128f65a4d7c662cc9a484e61b2eaa2c0b2487a507c941a1a558a65d8605b2d
  languageName: node
  linkType: hard

"@tiptap/extension-bold@npm:3.30.2":
  version: 3.30.2
  resolution: "@tiptap/extension-bold@npm:3.30.2"
  peerDependencies:
    "@tiptap/core": 3.30.2
  checksum: 10c0/1b2f6cced4355ccff6b9b9e75f0c85c45f425c389e9f7306d27309aebce71a963bd29ffe980e453557d7b948e8c652e4c2e7e128e57f3655c0f01e4d05fc5d1d
  languageName: node
  linkType: hard

"@tiptap/extension-bullet-list@npm:3.30.2":
  version: 3.30.2
  resolution: "@tiptap/extension-bullet-list@npm:3.30.2"
  peerDependencies:
    "@tiptap/extension-list": 3.30.2
  checksum: 10c0/6ce122eb7c2000023ae2831edafceefaa69209c39fbc9dfd56c3ee5b7fa6c3f547da59643dd6c2d4af912b0e121b23b3e3239988fc36b21856b513155da6f6d8
  languageName: node
  linkType: hard

"@tiptap/extension-code-block@npm:3.30.2":
  version: 3.30.2
  resolution: "@tiptap/extension-code-block@npm:3.30.2"
  peerDependencies:
    "@tiptap/core": 3.30.2
    "@tiptap/pm": 3.30.2
  checksum: 10c0/0749fa5510a7c3179c43859d9ce773927c10775c7de33b418f35b932b674fe3816d3f6c6f3c813a5139aa7c456ce46ef8bbab3098362ef6fe888108d92d3c0c0
  languageName: node
  linkType: hard

"@tiptap/extension-code@npm:3.30.2":
  version: 3.30.2
  resolution: "@tiptap/extension-code@npm:3.30.2"
  peerDependencies:
    "@tiptap/core": 3.30.2
  checksum: 10c0/b3cf4c5e4ae94535894ea9a33303acbdae1e422388328d856c09b0ca1a68519b37a759266f11b29cb286f7206689323df56ae3c79b4f5ade16d1eb21a429e3e2
  languageName: node
  linkType: hard

"@tiptap/extension-document@npm:3.30.2":
  version: 3.30.2
  resolution: "@tiptap/extension-document@npm:3.30.2"
  peerDependencies:
    "@tiptap/core": 3.30.2
  checksum: 10c0/6baa997fed724d85178ad22fc94c9546c9fde8c8641cf12601febfdf8a56e248dbc030f9b19dcab867f1dc0594ff6874a7f855a73e7ea5886a964f59ace626bc
  languageName: node
  linkType: hard

"@tiptap/extension-dropcursor@npm:3.30.2":
  version: 3.30.2
  resolution: "@tiptap/extension-dropcursor@npm:3.30.2"
  peerDependencies:
    "@tiptap/extensions": 3.30.2
  checksum: 10c0/4410c83b73547dd2f3fb28d8f23133b7d216033861efd5ada2ce936b15631d952c5c90213da16a5c79a5916c8b3bc9ae0732490328f121b9f30e140e7e40ee89
  languageName: node
  linkType: hard

"@tiptap/extension-gapcursor@npm:3.30.2":
  version: 3.30.2
  resolution: "@tiptap/extension-gapcursor@npm:3.30.2"
  peerDependencies:
    "@tiptap/extensions": 3.30.2
  checksum: 10c0/c5ce8f8eeca969a36a6782d8d00da1c18bdf2a3825539e64fef3608cf1980d6221399239ed65c6548d769bc5a04aaf4d3cb47ce075ba1d3dcf97d4da3d642a55
  languageName: node
  linkType: hard

"@tiptap/extension-hard-break@npm:3.30.2":
  version: 3.30.2
  resolution: "@tiptap/extension-hard-break@npm:3.30.2"
  peerDependencies:
    "@tiptap/core": 3.30.2
  checksum: 10c0/be9fe3cd52e840079f80a3ae80a52a777d7e1c10a5c7b8a70ceee0bd580b15ee70745fd41319d328b0ca0ad519feb1416e73c8f9f949047713c59680954a8231
  languageName: node
  linkType: hard

"@tiptap/extension-heading@npm:3.30.2":
  version: 3.30.2
  resolution: "@tiptap/extension-heading@npm:3.30.2"
  peerDependencies:
    "@tiptap/core": 3.30.2
  checksum: 10c0/5d5cdb15b3c8d37db85bafd960d3f43ff8e558e714202546cefc3622a7ce4982e1e303abc4d44ee81e8f6056e1eb932699c9be442a139644e9a00c3319f8cb45
  languageName: node
  linkType: hard

"@tiptap/extension-horizontal-rule@npm:3.30.2":
  version: 3.30.2
  resolution: "@tiptap/extension-horizontal-rule@npm:3.30.2"
  peerDependencies:
    "@tiptap/core": 3.30.2
    "@tiptap/pm": 3.30.2
  checksum: 10c0/cbe1e20ffb542bfd29df9acece13cf27515f982b30234b95a79de992078b7c3e297f3510a67089879c4196f9abfe9f26b74e05a8439670dc03cdaca5c4cf9743
  languageName: node
  linkType: hard

"@tiptap/extension-italic@npm:3.30.2":
  version: 3.30.2
  resolution: "@tiptap/extension-italic@npm:3.30.2"
  peerDependencies:
    "@tiptap/core": 3.30.2
  checksum: 10c0/c9456f92fec3939e52890ad53bb78fa17a502c8c9f4d7a0e7cc471a85d0dd9db68a4c03bea0cf1b403e014af1617cbe5177fed6dced3a57d6ba27b163007595e
  languageName: node
  linkType: hard

"@tiptap/extension-link@npm:3.30.2":
  version: 3.30.2
  resolution: "@tiptap/extension-link@npm:3.30.2"
  dependencies:
    linkifyjs: "npm:^4.3.3"
  peerDependencies:
    "@tiptap/core": 3.30.2
    "@tiptap/pm": 3.30.2
  checksum: 10c0/bb279b0bb67781d03c512f44aabccfb6e3233fe2bc7a733bbfafdb02c3fb8a4ddf941f7a521424e8036729eaf6c0c2d37f89ae285a8698eec52cf575aa2b2318
  languageName: node
  linkType: hard

"@tiptap/extension-list-item@npm:3.30.2":
  version: 3.30.2
  resolution: "@tiptap/extension-list-item@npm:3.30.2"
  peerDependencies:
    "@tiptap/extension-list": 3.30.2
  checksum: 10c0/0c3396965157c18314bd45ebb139e043cc4abd669f0aa18bfb7fef0711eba6412d1a2ccf5fc16c2fb1b4f009f3d8fa4a7b2400109a1b868794709487d664d6ba
  languageName: node
  linkType: hard

"@tiptap/extension-list-keymap@npm:3.30.2":
  version: 3.30.2
  resolution: "@tiptap/extension-list-keymap@npm:3.30.2"
  peerDependencies:
    "@tiptap/extension-list": 3.30.2
  checksum: 10c0/f81126c222f2398d45fb450b96bf19209d1efab5426539c34cbb97a5c6fc70a15801e84c3d61048bec569b52aea251c5129b3e0b1f56c867c89ffdd095f61bda
  languageName: node
  linkType: hard

"@tiptap/extension-list@npm:3.30.2":
  version: 3.30.2
  resolution: "@tiptap/extension-list@npm:3.30.2"
  peerDependencies:
    "@tiptap/core": 3.30.2
    "@tiptap/pm": 3.30.2
  checksum: 10c0/ac14173cf54d971720fdd067b6d22fe953feff5b67a9f9825c05a479ff994ae24867d175e406d2b11bad8a40dc70ba52e5fffffaf58597d0c10dfde8dcfea078
  languageName: node
  linkType: hard

"@tiptap/extension-ordered-list@npm:3.30.2":
  version: 3.30.2
  resolution: "@tiptap/extension-ordered-list@npm:3.30.2"
  peerDependencies:
    "@tiptap/extension-list": 3.30.2
  checksum: 10c0/079a67eb8bc44cae4b6f0bbea4893252adf362a849c377e119255ec1d2f79c7f5a42b2849452adb43de0442c9b3267bbb17147b8f29ab3199450bfe03aef5942
  languageName: node
  linkType: hard

"@tiptap/extension-paragraph@npm:3.30.2":
  version: 3.30.2
  resolution: "@tiptap/extension-paragraph@npm:3.30.2"
  peerDependencies:
    "@tiptap/core": 3.30.2
  checksum: 10c0/ecbef808c15e1917efceb39d1cb444912aba943fd878b1c73b3bb631073ac949066d4f7e2e20e872935ff20cec47d5807a3b3ac468c3a8448a6008f6d7bdc869
  languageName: node
  linkType: hard

"@tiptap/extension-strike@npm:3.30.2":
  version: 3.30.2
  resolution: "@tiptap/extension-strike@npm:3.30.2"
  peerDependencies:
    "@tiptap/core": 3.30.2
  checksum: 10c0/7db929e2655b94b2a01672344bfe4f42cd1344c0872b7d41839c27915c0156657cf773ba007b09973d462c90e310210d3f0c1ae2204f15bf24d941d299a313a1
  languageName: node
  linkType: hard

"@tiptap/extension-text@npm:3.30.2":
  version: 3.30.2
  resolution: "@tiptap/extension-text@npm:3.30.2"
  peerDependencies:
    "@tiptap/core": 3.30.2
  checksum: 10c0/98696bac27276028113676ea7642a9f839d5a6c650f2d23bb99cb2cf10fd43ab2a0bed5928080cd6754d5625c3a16dbb2b921e1c4f03a1258dc79a253f865035
  languageName: node
  linkType: hard

"@tiptap/extension-underline@npm:3.30.2":
  version: 3.30.2
  resolution: "@tiptap/extension-underline@npm:3.30.2"
  peerDependencies:
    "@tiptap/core": 3.30.2
  checksum: 10c0/7fa395855ac540ca710901be1de799e1d182dd79f5b19bbf4147f7fa4ae6379221b5408900e4fa4b68d283e096a681efa0eee61ab955ab83df5a111e8dd34732
  languageName: node
  linkType: hard

"@tiptap/extensions@npm:3.30.2":
  version: 3.30.2
  resolution: "@tiptap/extensions@npm:3.30.2"
  peerDependencies:
    "@tiptap/core": 3.30.2
    "@tiptap/pm": 3.30.2
  checksum: 10c0/cc38a568c45f59b244713358f4d54ffec9528707edb9e7634ff3eb2655c15794d895026bfb3fbd2d8d882f7a897be8dd012ac8e1c14e40d5a7305bdd5021a339
  languageName: node
  linkType: hard

"@tiptap/pm@npm:3.30.2, @tiptap/pm@npm:^3.30.2":
  version: 3.30.2
  resolution: "@tiptap/pm@npm:3.30.2"
  dependencies:
    prosemirror-changeset: "npm:^2.4.1"
    prosemirror-commands: "npm:^1.7.1"
    prosemirror-dropcursor: "npm:^1.8.2"
    prosemirror-gapcursor: "npm:^1.4.1"
    prosemirror-history: "npm:^1.5.0"
    prosemirror-inputrules: "npm:^1.5.1"
    prosemirror-keymap: "npm:^1.2.3"
    prosemirror-model: "npm:^1.25.11"
    prosemirror-schema-list: "npm:^1.5.1"
    prosemirror-state: "npm:^1.4.4"
    prosemirror-tables: "npm:^1.8.5"
    prosemirror-transform: "npm:^1.12.0"
    prosemirror-view: "npm:^1.41.9"
  checksum: 10c0/a8e71cd4ebf49bccaa7805fdbe05c54e12fd2f6db936bec01ad08c9172058f287cb12ad2ee2308fd7c0a1bee22f13cfccf22c1a4732713ef2cf0fe7dd9023220
  languageName: node
  linkType: hard

"@tiptap/starter-kit@npm:^3.30.2":
  version: 3.30.2
  resolution: "@tiptap/starter-kit@npm:3.30.2"
  dependencies:
    "@tiptap/core": "npm:3.30.2"
    "@tiptap/extension-blockquote": "npm:3.30.2"
    "@tiptap/extension-bold": "npm:3.30.2"
    "@tiptap/extension-bullet-list": "npm:3.30.2"
    "@tiptap/extension-code": "npm:3.30.2"
    "@tiptap/extension-code-block": "npm:3.30.2"
    "@tiptap/extension-document": "npm:3.30.2"
    "@tiptap/extension-dropcursor": "npm:3.30.2"
    "@tiptap/extension-gapcursor": "npm:3.30.2"
    "@tiptap/extension-hard-break": "npm:3.30.2"
    "@tiptap/extension-heading": "npm:3.30.2"
    "@tiptap/extension-horizontal-rule": "npm:3.30.2"
    "@tiptap/extension-italic": "npm:3.30.2"
    "@tiptap/extension-link": "npm:3.30.2"
    "@tiptap/extension-list": "npm:3.30.2"
    "@tiptap/extension-list-item": "npm:3.30.2"
    "@tiptap/extension-list-keymap": "npm:3.30.2"
    "@tiptap/extension-ordered-list": "npm:3.30.2"
    "@tiptap/extension-paragraph": "npm:3.30.2"
    "@tiptap/extension-strike": "npm:3.30.2"
    "@tiptap/extension-text": "npm:3.30.2"
    "@tiptap/extension-underline": "npm:3.30.2"
    "@tiptap/extensions": "npm:3.30.2"
    "@tiptap/pm": "npm:3.30.2"
  checksum: 10c0/50946fdb834c14440f425887d5988f4aa857c7042a8fb309ca511f16e18ef76fb374a063358fc98c1bd82e4ca4bc3636a23c4de66c6f1c2ea17a5122a1244a90
  languageName: node
  linkType: hard

"app@workspace:.":
  version: 0.0.0-use.local
  resolution: "app@workspace:."
  dependencies:
    "@floating-ui/dom": "npm:^1.7.4"
    "@hotwired/stimulus": "npm:^3.2.2"
    "@hotwired/turbo-rails": "npm:^8.0.23"
    "@tiptap/core": "npm:^3.30.2"
    "@tiptap/pm": "npm:^3.30.2"
    "@tiptap/starter-kit": "npm:^3.30.2"
    esbuild: "npm:^0.25.2"
    katex: "npm:^0.18.4"
    mathlive: "npm:^0.110.0"
  languageName: unknown
  linkType: soft

"commander@npm:^8.3.0":
  version: 8.3.0
  resolution: "commander@npm:8.3.0"
  checksum: 10c0/8b043bb8322ea1c39664a1598a95e0495bfe4ca2fad0d84a92d7d1d8d213e2a155b441d2470c8e08de7c4a28cf2bc6e169211c49e1b21d9f7edc6ae4d9356060
  languageName: node
  linkType: hard

"complex-esm@npm:^2.1.1-esm1":
  version: 2.1.1-esm1
  resolution: "complex-esm@npm:2.1.1-esm1"
  checksum: 10c0/65725286ea8513785333a9d710ee5fafb6e32a24bc12648ba6ba62ab3c8cc380d79d7a8f542159c7fb5134364eb294e5446dd5e6b83aaffdb4dfeb27a227bc89
  languageName: node
  linkType: hard

"decimal.js@npm:^10.6.0":
  version: 10.6.0
  resolution: "decimal.js@npm:10.6.0"
  checksum: 10c0/07d69fbcc54167a340d2d97de95f546f9ff1f69d2b45a02fd7a5292412df3cd9eb7e23065e532a318f5474a2e1bccf8392fdf0443ef467f97f3bf8cb0477e5aa
  languageName: node
  linkType: hard

"esbuild@npm:^0.25.2":
  version: 0.25.2
  resolution: "esbuild@npm:0.25.2"
  dependencies:
    "@esbuild/aix-ppc64": "npm:0.25.2"
    "@esbuild/android-arm": "npm:0.25.2"
    "@esbuild/android-arm64": "npm:0.25.2"
    "@esbuild/android-x64": "npm:0.25.2"
    "@esbuild/darwin-arm64": "npm:0.25.2"
    "@esbuild/darwin-x64": "npm:0.25.2"
    "@esbuild/freebsd-arm64": "npm:0.25.2"
    "@esbuild/freebsd-x64": "npm:0.25.2"
    "@esbuild/linux-arm": "npm:0.25.2"
    "@esbuild/linux-arm64": "npm:0.25.2"
    "@esbuild/linux-ia32": "npm:0.25.2"
    "@esbuild/linux-loong64": "npm:0.25.2"
    "@esbuild/linux-mips64el": "npm:0.25.2"
    "@esbuild/linux-ppc64": "npm:0.25.2"
    "@esbuild/linux-riscv64": "npm:0.25.2"
    "@esbuild/linux-s390x": "npm:0.25.2"
    "@esbuild/linux-x64": "npm:0.25.2"
    "@esbuild/netbsd-arm64": "npm:0.25.2"
    "@esbuild/netbsd-x64": "npm:0.25.2"
    "@esbuild/openbsd-arm64": "npm:0.25.2"
    "@esbuild/openbsd-x64": "npm:0.25.2"
    "@esbuild/sunos-x64": "npm:0.25.2"
    "@esbuild/win32-arm64": "npm:0.25.2"
    "@esbuild/win32-ia32": "npm:0.25.2"
    "@esbuild/win32-x64": "npm:0.25.2"
  dependenciesMeta:
    "@esbuild/aix-ppc64":
      optional: true
    "@esbuild/android-arm":
      optional: true
    "@esbuild/android-arm64":
      optional: true
    "@esbuild/android-x64":
      optional: true
    "@esbuild/darwin-arm64":
      optional: true
    "@esbuild/darwin-x64":
      optional: true
    "@esbuild/freebsd-arm64":
      optional: true
    "@esbuild/freebsd-x64":
      optional: true
    "@esbuild/linux-arm":
      optional: true
    "@esbuild/linux-arm64":
      optional: true
    "@esbuild/linux-ia32":
      optional: true
    "@esbuild/linux-loong64":
      optional: true
    "@esbuild/linux-mips64el":
      optional: true
    "@esbuild/linux-ppc64":
      optional: true
    "@esbuild/linux-riscv64":
      optional: true
    "@esbuild/linux-s390x":
      optional: true
    "@esbuild/linux-x64":
      optional: true
    "@esbuild/netbsd-arm64":
      optional: true
    "@esbuild/netbsd-x64":
      optional: true
    "@esbuild/openbsd-arm64":
      optional: true
    "@esbuild/openbsd-x64":
      optional: true
    "@esbuild/sunos-x64":
      optional: true
    "@esbuild/win32-arm64":
      optional: true
    "@esbuild/win32-ia32":
      optional: true
    "@esbuild/win32-x64":
      optional: true
  bin:
    esbuild: bin/esbuild
  checksum: 10c0/87ce0b78699c4d192b8cf7e9b688e9a0da10e6f58ff85a368bf3044ca1fa95626c98b769b5459352282e0065585b6f994a5e6699af5cccf9d31178960e2b58fd
  languageName: node
  linkType: hard

"katex@npm:^0.18.4":
  version: 0.18.4
  resolution: "katex@npm:0.18.4"
  dependencies:
    commander: "npm:^8.3.0"
  bin:
    katex: cli.js
  checksum: 10c0/a8ecf3079c1748c15856b25f4175a98b6fc5d8e7f567afe8dcf4f63673159036fd2c50527621ec338c6144ae8e18a0103ffd820e175165f6659881c9d9a711b9
  languageName: node
  linkType: hard

"linkifyjs@npm:^4.3.3":
  version: 4.3.3
  resolution: "linkifyjs@npm:4.3.3"
  checksum: 10c0/0eac293927f1465d13625c8c67c83c50d7fda9137c255a4a2ff5970ea4e9ba57de4846b170326e54b9e4e82be24f3705572bc50773737be9b13af5f1e4577798
  languageName: node
  linkType: hard

"mathlive@npm:^0.110.0":
  version: 0.110.0
  resolution: "mathlive@npm:0.110.0"
  dependencies:
    "@cortex-js/compute-engine": "npm:0.58.0"
  checksum: 10c0/9e6d6b9fbdb2d7316c179238c68bdbf6d50845934ef52d60e57b1c109a1816e9d89fdc3ebc1b7a32b43d01884ab15648a1b4f249840c5a48167e3c08ceadfd9b
  languageName: node
  linkType: hard

"orderedmap@npm:^2.0.0":
  version: 2.1.1
  resolution: "orderedmap@npm:2.1.1"
  checksum: 10c0/8d7d266659d1828937046e8b2a7b5f75914e0391db985da0ca75cd2246cccbf6d6f3a0886aa2034da15ee4923e8c45f95f8b588f575f535f0adecdefccc54634
  languageName: node
  linkType: hard

"prosemirror-changeset@npm:^2.4.1":
  version: 2.4.1
  resolution: "prosemirror-changeset@npm:2.4.1"
  dependencies:
    prosemirror-transform: "npm:^1.0.0"
  checksum: 10c0/ca6b6bab73809dbb8554cddc0a3af666db8bcfed57938314ce6b04b28e41ea355441eaadabcddd9c785727219ad3779534dfa6e33521f0d333e90788b8dc9e3c
  languageName: node
  linkType: hard

"prosemirror-commands@npm:^1.7.1":
  version: 1.7.2
  resolution: "prosemirror-commands@npm:1.7.2"
  dependencies:
    prosemirror-model: "npm:^1.0.0"
    prosemirror-state: "npm:^1.0.0"
    prosemirror-transform: "npm:^1.10.2"
  checksum: 10c0/50f5b7ddcd9dc497a3d2e672da87fd457dae4ed4d5e2af326f71dad66dfa2b7937162d32e5e118703d2234e1cc2596b23fc5fd05a917e9f7d89d6602e0480051
  languageName: node
  linkType: hard

"prosemirror-dropcursor@npm:^1.8.2":
  version: 1.8.3
  resolution: "prosemirror-dropcursor@npm:1.8.3"
  dependencies:
    prosemirror-state: "npm:^1.0.0"
    prosemirror-transform: "npm:^1.1.0"
    prosemirror-view: "npm:^1.1.0"
  checksum: 10c0/123381f83a1843ee97d98143bde070cef727dbd20228f63bf7ebf30446d4352baf6982702de9907b27b7958a33d46c8c3d1a274331862c8d7a5912c838a6abce
  languageName: node
  linkType: hard

"prosemirror-gapcursor@npm:^1.4.1":
  version: 1.4.1
  resolution: "prosemirror-gapcursor@npm:1.4.1"
  dependencies:
    prosemirror-keymap: "npm:^1.0.0"
    prosemirror-model: "npm:^1.0.0"
    prosemirror-state: "npm:^1.0.0"
    prosemirror-view: "npm:^1.0.0"
  checksum: 10c0/1719ef91274d0f76f6c5e667d839aae0576e38b1fc08e178425fa076821ef3da88ebd0fe40049d7dd157aa224672270e569f032316de9de588a1baabcfe802f1
  languageName: node
  linkType: hard

"prosemirror-history@npm:^1.5.0":
  version: 1.5.0
  resolution: "prosemirror-history@npm:1.5.0"
  dependencies:
    prosemirror-state: "npm:^1.2.2"
    prosemirror-transform: "npm:^1.0.0"
    prosemirror-view: "npm:^1.31.0"
    rope-sequence: "npm:^1.3.0"
  checksum: 10c0/9f24c99316c30a52ff40ddd59fc83b5180f1326ee6f466bfa82b847a503b0cdff234c35d5e3decb39ae1382a189ceec7462333ed7d6c34e2c95921892bb98b78
  languageName: node
  linkType: hard

"prosemirror-inputrules@npm:^1.5.1":
  version: 1.5.1
  resolution: "prosemirror-inputrules@npm:1.5.1"
  dependencies:
    prosemirror-state: "npm:^1.0.0"
    prosemirror-transform: "npm:^1.0.0"
  checksum: 10c0/cff1ff9f7e726bf324e6cddd2c48984e6b2970cc98cd5dc59e6dbe2e9df0e01e4a2d100c77c721067804170b9607769c0fee7c98f2cfb4f3cff9af919fce31b9
  languageName: node
  linkType: hard

"prosemirror-keymap@npm:^1.0.0, prosemirror-keymap@npm:^1.2.3":
  version: 1.2.3
  resolution: "prosemirror-keymap@npm:1.2.3"
  dependencies:
    prosemirror-state: "npm:^1.0.0"
    w3c-keyname: "npm:^2.2.0"
  checksum: 10c0/0ec2f8bd9b608d0e6a0cdab1d66f9a6b41edcff0239b32ccca1018a0733e52448e4758218a2d472fb8c33c1609426dc6bad4944b28c1c3d509a83201a23035e9
  languageName: node
  linkType: hard

"prosemirror-model@npm:^1.0.0, prosemirror-model@npm:^1.21.0, prosemirror-model@npm:^1.25.11, prosemirror-model@npm:^1.25.4, prosemirror-model@npm:^1.25.8":
  version: 1.25.11
  resolution: "prosemirror-model@npm:1.25.11"
  dependencies:
    orderedmap: "npm:^2.0.0"
  checksum: 10c0/e41faa477414160a602289b778189163b39a4563799defea1862183087f9ec77f02c292e3e79dd32fcc1a8878aedbdcea50f0f752ee03fe64c24ce6780b82205
  languageName: node
  linkType: hard

"prosemirror-schema-list@npm:^1.5.1":
  version: 1.5.1
  resolution: "prosemirror-schema-list@npm:1.5.1"
  dependencies:
    prosemirror-model: "npm:^1.0.0"
    prosemirror-state: "npm:^1.0.0"
    prosemirror-transform: "npm:^1.7.3"
  checksum: 10c0/e6fd27446bc90556a9797f6ca0cb54e7db53cc7c20fbf633b7d0f4709c45accfa2f3a0f6575fe47aa83cb75781a9b773198d236a44db9d8eef2802a1501e4301
  languageName: node
  linkType: hard

"prosemirror-state@npm:^1.0.0, prosemirror-state@npm:^1.2.2, prosemirror-state@npm:^1.4.4":
  version: 1.4.4
  resolution: "prosemirror-state@npm:1.4.4"
  dependencies:
    prosemirror-model: "npm:^1.0.0"
    prosemirror-transform: "npm:^1.0.0"
    prosemirror-view: "npm:^1.27.0"
  checksum: 10c0/1428636a37c127afe0d11a4f4eb44d75a7f16717940405082bd16fa4c28cfeef9375d49f48e411e5f0fa26f3e5798af7f270edc9bc9b0e647df8bb79983bcd59
  languageName: node
  linkType: hard

"prosemirror-tables@npm:^1.8.5":
  version: 1.8.5
  resolution: "prosemirror-tables@npm:1.8.5"
  dependencies:
    prosemirror-keymap: "npm:^1.2.3"
    prosemirror-model: "npm:^1.25.4"
    prosemirror-state: "npm:^1.4.4"
    prosemirror-transform: "npm:^1.10.5"
    prosemirror-view: "npm:^1.41.4"
  checksum: 10c0/d6e8cd9d333987ce6492202d5f815b268bb9a722d81456628eff999444d44fa97e8a801a5a20a44e678892f37053f314885d5a03e1df834653e3ea455f0f9290
  languageName: node
  linkType: hard

"prosemirror-transform@npm:^1.0.0, prosemirror-transform@npm:^1.1.0, prosemirror-transform@npm:^1.10.2, prosemirror-transform@npm:^1.10.5, prosemirror-transform@npm:^1.12.0, prosemirror-transform@npm:^1.7.3":
  version: 1.12.0
  resolution: "prosemirror-transform@npm:1.12.0"
  dependencies:
    prosemirror-model: "npm:^1.21.0"
  checksum: 10c0/e9e94fbb36fa53badc73d27833bac834835246f28a6176fb33c65a85c9025da0c08ac503f860898591a14fcacef58ba18a29e8df5a916cf376084bc17f324753
  languageName: node
  linkType: hard

"prosemirror-view@npm:^1.0.0, prosemirror-view@npm:^1.1.0, prosemirror-view@npm:^1.27.0, prosemirror-view@npm:^1.31.0, prosemirror-view@npm:^1.41.4, prosemirror-view@npm:^1.41.9":
  version: 1.42.2
  resolution: "prosemirror-view@npm:1.42.2"
  dependencies:
    prosemirror-model: "npm:^1.25.8"
    prosemirror-state: "npm:^1.0.0"
    prosemirror-transform: "npm:^1.1.0"
  checksum: 10c0/2fb9bc68bc37e6b17d8c62e1596742a82caaa2315f2581ee556b80d023bf092955f5abb6b72ac67b51f7e791c7b877997deab817752cf450c4eadf350d85a5dd
  languageName: node
  linkType: hard

"rope-sequence@npm:^1.3.0":
  version: 1.3.4
  resolution: "rope-sequence@npm:1.3.4"
  checksum: 10c0/caa90be3d7a7cad155fb354a4679a1280dc9819c81bd319542a0d893a64e152284abb9cc1631d4351b328016a8d6c35a48c912234edfaf5173daef44b2e3609b
  languageName: node
  linkType: hard

"w3c-keyname@npm:^2.2.0":
  version: 2.2.8
  resolution: "w3c-keyname@npm:2.2.8"
  checksum: 10c0/37cf335c90efff31672ebb345577d681e2177f7ff9006a9ad47c68c5a9d265ba4a7b39d6c2599ceea639ca9315584ce4bd9c9fbf7a7217bfb7a599e71943c4c4
  languageName: node
  linkType: hard
